
Microsoft Visual Studio Solution File, Format Version 12.00
# Visual Studio Version 16
VisualStudioVersion = 25.0.1706.7
MinimumVisualStudioVersion = 10.0.40219.1
Project("{FAE04EC0-301F-11D3-BF4B-00C04F79EFBC}") = "BeneficialStrategies.Iso20022.Gen.CSharp", "BeneficialStrategies.Iso20022.Gen.CSharp.csproj", "{A89BE575-2C5C-4205-ACD3-7677221B2E7C}"
EndProject
Global
	GlobalSection(SolutionConfigurationPlatforms) = preSolution
		Debug|Any CPU = Debug|Any CPU
		Release|Any CPU = Release|Any CPU
	EndGlobalSection
	GlobalSection(ProjectConfigurationPlatforms) = postSolution
		{A89BE575-2C5C-4205-ACD3-7677221B2E7C}.Debug|Any CPU.ActiveCfg = Debug|Any CPU
		{A89BE575-2C5C-4205-ACD3-7677221B2E7C}.Debug|Any CPU.Build.0 = Debug|Any CPU
		{A89BE575-2C5C-4205-ACD3-7677221B2E7C}.Release|Any CPU.ActiveCfg = Release|Any CPU
		{A89BE575-2C5C-4205-ACD3-7677221B2E7C}.Release|Any CPU.Build.0 = Release|Any CPU
	EndGlobalSection
	GlobalSection(SolutionProperties) = preSolution
		HideSolutionNode = FALSE
	EndGlobalSection
	GlobalSection(ExtensibilityGlobals) = postSolution
		SolutionGuid = {18E64E44-29CE-456C-A879-48D3A5C189B6}
	EndGlobalSection
EndGlobal
