
Microsoft Visual Studio Solution File, Format Version 12.00
# Visual Studio Version 17
VisualStudioVersion = 17.0.31903.59
MinimumVisualStudioVersion = 10.0.40219.1
Project("{2150E333-8FDC-42A3-9474-1A3956D46DE8}") = "Solution Items", "Solution Items", "{8DA71BFE-DF85-42AD-81AA-2E9D02D1A291}"
	ProjectSection(SolutionItems) = preProject
		global.json = global.json
		..\README.md = ..\README.md
	EndProjectSection
EndProject
Project("{FAE04EC0-301F-11D3-BF4B-00C04F79EFBC}") = "BeneficialStrategies.Iso20022.Common", "BeneficialStrategies.Iso20022.Common\BeneficialStrategies.Iso20022.Common.csproj", "{009AB480-B3D2-4A80-A3D2-8CE73359E172}"
EndProject
Project("{FAE04EC0-301F-11D3-BF4B-00C04F79EFBC}") = "BeneficialStrategies.Iso20022.Common.Tests", "BeneficialStrategies.Iso20022.Common.Tests\BeneficialStrategies.Iso20022.Common.Tests.csproj", "{75DF4735-7A81-4C58-AA39-F61E1B7B2B25}"
EndProject
Global
	GlobalSection(SolutionConfigurationPlatforms) = preSolution
		Debug|Any CPU = Debug|Any CPU
		Release|Any CPU = Release|Any CPU
	EndGlobalSection
	GlobalSection(SolutionProperties) = preSolution
		HideSolutionNode = FALSE
	EndGlobalSection
	GlobalSection(ProjectConfigurationPlatforms) = postSolution
		{009AB480-B3D2-4A80-A3D2-8CE73359E172}.Debug|Any CPU.ActiveCfg = Debug|Any CPU
		{009AB480-B3D2-4A80-A3D2-8CE73359E172}.Debug|Any CPU.Build.0 = Debug|Any CPU
		{009AB480-B3D2-4A80-A3D2-8CE73359E172}.Release|Any CPU.ActiveCfg = Release|Any CPU
		{009AB480-B3D2-4A80-A3D2-8CE73359E172}.Release|Any CPU.Build.0 = Release|Any CPU
		{75DF4735-7A81-4C58-AA39-F61E1B7B2B25}.Debug|Any CPU.ActiveCfg = Debug|Any CPU
		{75DF4735-7A81-4C58-AA39-F61E1B7B2B25}.Debug|Any CPU.Build.0 = Debug|Any CPU
		{75DF4735-7A81-4C58-AA39-F61E1B7B2B25}.Release|Any CPU.ActiveCfg = Release|Any CPU
		{75DF4735-7A81-4C58-AA39-F61E1B7B2B25}.Release|Any CPU.Build.0 = Release|Any CPU
	EndGlobalSection
EndGlobal
